
Microsoft Visual Studio Solution File, Format Version 12.00
# Visual Studio Version 17
VisualStudioVersion = 17.13.35919.96
MinimumVisualStudioVersion = 10.0.40219.1
Project("{FAE04EC0-301F-11D3-BF4B-00C04F79EFBC}") = "App", "App\App.csproj", "{6DEEDBDB-568B-4531-B61F-EAAC942C9C69}"
EndProject
Project("{54A90642-561A-4BB1-A94E-469ADEE60C69}") = "front", "front\front.esproj", "{8D7F6932-007A-64D3-44A8-C38D55A75178}"
EndProject
Global
	GlobalSection(SolutionConfigurationPlatforms) = preSolution
		Debug|Any CPU = Debug|Any CPU
		Release|Any CPU = Release|Any CPU
	EndGlobalSection
	GlobalSection(ProjectConfigurationPlatforms) = postSolution
		{6DEEDBDB-568B-4531-B61F-EAAC942C9C69}.Debug|Any CPU.ActiveCfg = Debug|Any CPU
		{6DEEDBDB-568B-4531-B61F-EAAC942C9C69}.Debug|Any CPU.Build.0 = Debug|Any CPU
		{6DEEDBDB-568B-4531-B61F-EAAC942C9C69}.Release|Any CPU.ActiveCfg = Release|Any CPU
		{6DEEDBDB-568B-4531-B61F-EAAC942C9C69}.Release|Any CPU.Build.0 = Release|Any CPU
		{8D7F6932-007A-64D3-44A8-C38D55A75178}.Debug|Any CPU.ActiveCfg = Debug|Any CPU
		{8D7F6932-007A-64D3-44A8-C38D55A75178}.Debug|Any CPU.Build.0 = Debug|Any CPU
		{8D7F6932-007A-64D3-44A8-C38D55A75178}.Debug|Any CPU.Deploy.0 = Debug|Any CPU
		{8D7F6932-007A-64D3-44A8-C38D55A75178}.Release|Any CPU.ActiveCfg = Release|Any CPU
		{8D7F6932-007A-64D3-44A8-C38D55A75178}.Release|Any CPU.Build.0 = Release|Any CPU
		{8D7F6932-007A-64D3-44A8-C38D55A75178}.Release|Any CPU.Deploy.0 = Release|Any CPU
	EndGlobalSection
	GlobalSection(SolutionProperties) = preSolution
		HideSolutionNode = FALSE
	EndGlobalSection
	GlobalSection(ExtensibilityGlobals) = postSolution
		SolutionGuid = {788C839D-544D-4FD8-98CA-45D20EF3A9E9}
	EndGlobalSection
EndGlobal
